{
  "name": "gpt-trade-eliott",
  "version": "1.0.0",
  "lockfileVersion": 2,
  "requires": true,
  "packages": {
    "": {
      "name": "gpt-trade-eliott",
      "version": "1.0.0",
      "license": "ISC",
      "dependencies": {
        "ccxt": "3.0.46",
        "talib": "1.1.5",
        "typescript": "5.0.3"
      }
    },
    "node_modules/ccxt": {
      "version": "3.0.46",
      "resolved": "https://registry.npmjs.org/ccxt/-/ccxt-3.0.46.tgz",
      "integrity": "sha512-VUK8Hu+LxcUGpWDLmTWAXP5d1ytbyvkotzgMAhIpx1nJur7ee2Fpv7SUwIZLosilCf4yH8P0TvT70b+P4vyfnA==",
      "hasInstallScript": true,
      "dependencies": {
        "ws": "^8.8.1"
      },
      "engines": {
        "node": ">=15.0.0"
      }
    },
    "node_modules/nan": {
      "version": "2.17.0",
      "resolved": "https://registry.npmjs.org/nan/-/nan-2.17.0.tgz",
      "integrity": "sha512-2ZTgtl0nJsO0KQCjEpxcIr5D+Yv90plTitZt9JBfQvVJDS5seMl3FOvsh3+9CoYWXf/1l5OaZzzF6nDm4cagaQ=="
    },
    "node_modules/talib": {
      "version": "1.1.5",
      "resolved": "https://registry.npmjs.org/talib/-/talib-1.1.5.tgz",
      "integrity": "sha512-at8OQzwnAt5h/6d28/rL6xEO6d7/WzkKNd7NUtNVNewFGPwazAeglXo/sqTNLBZ0zUtZ8w4sXwpapKzH3eIX6A==",
      "funding": [
        {
          "type": "PayPal",
          "url": "https://www.paypal.com/cgi-bin/webscr?cmd=_donations&business=AZDHC49PNM7MY&item_name=talib"
        },
        {
          "type": "Coinbase",
          "url": "https://commerce.coinbase.com/checkout/1da811db-5adf-4d02-9ab3-dd68e62234e1"
        }
      ],
      "hasInstallScript": true,
      "os": [
        "darwin",
        "linux",
        "freebsd",
        "win32"
      ],
      "dependencies": {
        "nan": "^2.17.0"
      },
      "engines": {
        "node": ">=8.16.0"
      }
    },
    "node_modules/typescript": {
      "version": "5.0.3",
      "resolved": "https://registry.npmjs.org/typescript/-/typescript-5.0.3.tgz",
      "integrity": "sha512-xv8mOEDnigb/tN9PSMTwSEqAnUvkoXMQlicOb0IUVDBSQCgBSaAAROUZYy2IcUy5qU6XajK5jjjO7TMWqBTKZA==",
      "bin": {
        "tsc": "bin/tsc",
        "tsserver": "bin/tsserver"
      },
      "engines": {
        "node": ">=12.20"
      }
    },
    "node_modules/ws": {
      "version": "8.13.0",
      "resolved": "https://registry.npmjs.org/ws/-/ws-8.13.0.tgz",
      "integrity": "sha512-x9vcZYTrFPC7aSIbj7sRCYo7L/Xb8Iy+pW0ng0wt2vCJv7M9HOMy0UoN3rr+IFC7hb7vXoqS+P9ktyLLLhO+LA==",
      "engines": {
        "node": ">=10.0.0"
      },
      "peerDependencies": {
        "bufferutil": "^4.0.1",
        "utf-8-validate": ">=5.0.2"
      },
      "peerDependenciesMeta": {
        "bufferutil": {
          "optional": true
        },
        "utf-8-validate": {
          "optional": true
        }
      }
    }
  },
  "dependencies": {
    "ccxt": {
      "version": "3.0.46",
      "resolved": "https://registry.npmjs.org/ccxt/-/ccxt-3.0.46.tgz",
      "integrity": "sha512-VUK8Hu+LxcUGpWDLmTWAXP5d1ytbyvkotzgMAhIpx1nJur7ee2Fpv7SUwIZLosilCf4yH8P0TvT70b+P4vyfnA==",
      "requires": {
        "ws": "^8.8.1"
      }
    },
    "nan": {
      "version": "2.17.0",
      "resolved": "https://registry.npmjs.org/nan/-/nan-2.17.0.tgz",
      "integrity": "sha512-2ZTgtl0nJsO0KQCjEpxcIr5D+Yv90plTitZt9JBfQvVJDS5seMl3FOvsh3+9CoYWXf/1l5OaZzzF6nDm4cagaQ=="
    },
    "talib": {
      "version": "1.1.5",
      "resolved": "https://registry.npmjs.org/talib/-/talib-1.1.5.tgz",
      "integrity": "sha512-at8OQzwnAt5h/6d28/rL6xEO6d7/WzkKNd7NUtNVNewFGPwazAeglXo/sqTNLBZ0zUtZ8w4sXwpapKzH3eIX6A==",
      "requires": {
        "nan": "^2.17.0"
      }
    },
    "typescript": {
      "version": "5.0.3",
      "resolved": "https://registry.npmjs.org/typescript/-/typescript-5.0.3.tgz",
      "integrity": "sha512-xv8mOEDnigb/tN9PSMTwSEqAnUvkoXMQlicOb0IUVDBSQCgBSaAAROUZYy2IcUy5qU6XajK5jjjO7TMWqBTKZA=="
    },
    "ws": {
      "version": "8.13.0",
      "resolved": "https://registry.npmjs.org/ws/-/ws-8.13.0.tgz",
      "integrity": "sha512-x9vcZYTrFPC7aSIbj7sRCYo7L/Xb8Iy+pW0ng0wt2vCJv7M9HOMy0UoN3rr+IFC7hb7vXoqS+P9ktyLLLhO+LA==",
      "requires": {}
    }
  }
}
